
Microsoft Visual Studio Solution File, Format Version 12.00
# Visual Studio Version 16
VisualStudioVersion = 16.0.29215.179
MinimumVisualStudioVersion = 10.0.40219.1
Project("{9A19103F-16F7-4668-BE54-9A1E7A4F7556}") = "emex-team-dictionary", "team-dictionary\emex-team-dictionary.csproj", "{3846362E-90CB-41FF-924A-24B822F0DA22}"
EndProject
Global
	GlobalSection(SolutionConfigurationPlatforms) = preSolution
		Debug|Any CPU = Debug|Any CPU
		Debug|x64 = Debug|x64
		Release|Any CPU = Release|Any CPU
		Release|x64 = Release|x64
	EndGlobalSection
	GlobalSection(ProjectConfigurationPlatforms) = postSolution
		{3846362E-90CB-41FF-924A-24B822F0DA22}.Debug|Any CPU.ActiveCfg = Debug|Any CPU
		{3846362E-90CB-41FF-924A-24B822F0DA22}.Debug|Any CPU.Build.0 = Debug|Any CPU
		{3846362E-90CB-41FF-924A-24B822F0DA22}.Debug|x64.ActiveCfg = Debug|Any CPU
		{3846362E-90CB-41FF-924A-24B822F0DA22}.Debug|x64.Build.0 = Debug|Any CPU
		{3846362E-90CB-41FF-924A-24B822F0DA22}.Release|Any CPU.ActiveCfg = Release|Any CPU
		{3846362E-90CB-41FF-924A-24B822F0DA22}.Release|Any CPU.Build.0 = Release|Any CPU
		{3846362E-90CB-41FF-924A-24B822F0DA22}.Release|x64.ActiveCfg = Release|Any CPU
		{3846362E-90CB-41FF-924A-24B822F0DA22}.Release|x64.Build.0 = Release|Any CPU
	EndGlobalSection
	GlobalSection(SolutionProperties) = preSolution
		HideSolutionNode = FALSE
	EndGlobalSection
	GlobalSection(ExtensibilityGlobals) = postSolution
		SolutionGuid = {1DBC42D7-BEDF-43D8-9F78-A696144F3315}
	EndGlobalSection
EndGlobal
